
Microsoft Visual Studio Solution File, Format Version 12.00
# Visual Studio Version 16
VisualStudioVersion = 16.0.31829.152
MinimumVisualStudioVersion = 10.0.40219.1
Project("{9A19103F-16F7-4668-BE54-9A1E7A4F7556}") = "Mag2", "Mag2\Mag2.csproj", "{64E56987-6D08-4E0A-A647-F68E514B8653}"
EndProject
Project("{FAE04EC0-301F-11D3-BF4B-00C04F79EFBC}") = "Mag2_Extensions", "Mag2_Extensions\Mag2_Extensions.csproj", "{224FD7C6-8A5E-453A-931A-C870C914DD8B}"
EndProject
Project("{FAE04EC0-301F-11D3-BF4B-00C04F79EFBC}") = "Mag2_Models", "Mag2_Models\Mag2_Models.csproj", "{F9E73272-4218-4E51-AABA-3B058C92755F}"
EndProject
Project("{FAE04EC0-301F-11D3-BF4B-00C04F79EFBC}") = "Mag2_DataAcces", "Mag2_DataAcces\Mag2_DataAcces.csproj", "{485A32BE-332E-4DDF-95B1-B468A91EB040}"
EndProject
Global
	GlobalSection(SolutionConfigurationPlatforms) = preSolution
		Debug|Any CPU = Debug|Any CPU
		Release|Any CPU = Release|Any CPU
	EndGlobalSection
	GlobalSection(ProjectConfigurationPlatforms) = postSolution
		{64E56987-6D08-4E0A-A647-F68E514B8653}.Debug|Any CPU.ActiveCfg = Debug|Any CPU
		{64E56987-6D08-4E0A-A647-F68E514B8653}.Debug|Any CPU.Build.0 = Debug|Any CPU
		{64E56987-6D08-4E0A-A647-F68E514B8653}.Release|Any CPU.ActiveCfg = Release|Any CPU
		{64E56987-6D08-4E0A-A647-F68E514B8653}.Release|Any CPU.Build.0 = Release|Any CPU
		{224FD7C6-8A5E-453A-931A-C870C914DD8B}.Debug|Any CPU.ActiveCfg = Debug|Any CPU
		{224FD7C6-8A5E-453A-931A-C870C914DD8B}.Debug|Any CPU.Build.0 = Debug|Any CPU
		{224FD7C6-8A5E-453A-931A-C870C914DD8B}.Release|Any CPU.ActiveCfg = Release|Any CPU
		{224FD7C6-8A5E-453A-931A-C870C914DD8B}.Release|Any CPU.Build.0 = Release|Any CPU
		{F9E73272-4218-4E51-AABA-3B058C92755F}.Debug|Any CPU.ActiveCfg = Debug|Any CPU
		{F9E73272-4218-4E51-AABA-3B058C92755F}.Debug|Any CPU.Build.0 = Debug|Any CPU
		{F9E73272-4218-4E51-AABA-3B058C92755F}.Release|Any CPU.ActiveCfg = Release|Any CPU
		{F9E73272-4218-4E51-AABA-3B058C92755F}.Release|Any CPU.Build.0 = Release|Any CPU
		{485A32BE-332E-4DDF-95B1-B468A91EB040}.Debug|Any CPU.ActiveCfg = Debug|Any CPU
		{485A32BE-332E-4DDF-95B1-B468A91EB040}.Debug|Any CPU.Build.0 = Debug|Any CPU
		{485A32BE-332E-4DDF-95B1-B468A91EB040}.Release|Any CPU.ActiveCfg = Release|Any CPU
		{485A32BE-332E-4DDF-95B1-B468A91EB040}.Release|Any CPU.Build.0 = Release|Any CPU
	EndGlobalSection
	GlobalSection(SolutionProperties) = preSolution
		HideSolutionNode = FALSE
	EndGlobalSection
	GlobalSection(ExtensibilityGlobals) = postSolution
		SolutionGuid = {2FC9B5D9-BD5B-4156-A955-86C67C6852D0}
	EndGlobalSection
EndGlobal
